
Microsoft Visual Studio Solution File, Format Version 12.00
# Visual Studio 14
VisualStudioVersion = 14.0.25420.1
MinimumVisualStudioVersion = 10.0.40219.1
Project("{FAE04EC0-301F-11D3-BF4B-00C04F79EFBC}") = "LocalizationApp.Droid", "LocalizationApp.Droid\LocalizationApp.Droid.csproj", "{C4644F88-2CF4-4ECF-AC35-C1D4D8DD7394}"
EndProject
Project("{FAE04EC0-301F-11D3-BF4B-00C04F79EFBC}") = "LocalizationApp.iOS", "LocalizationApp.iOS\LocalizationApp.iOS.csproj", "{999B3D54-4965-46E8-BF9E-D34AF403666D}"
EndProject
Project("{2150E333-8FDC-42A3-9474-1A3956D46DE8}") = "Strings", "Strings", "{C881CE75-49D8-4FB1-A80C-D1ED6C44EFCC}"
	ProjectSection(SolutionItems) = preProject
		Strings\en.resx = Strings\en.resx
	EndProjectSection
EndProject
Global
	GlobalSection(SolutionConfigurationPlatforms) = preSolution
		Ad-Hoc|Any CPU = Ad-Hoc|Any CPU
		Ad-Hoc|iPhone = Ad-Hoc|iPhone
		Ad-Hoc|iPhoneSimulator = Ad-Hoc|iPhoneSimulator
		AppStore|Any CPU = AppStore|Any CPU
		AppStore|iPhone = AppStore|iPhone
		AppStore|iPhoneSimulator = AppStore|iPhoneSimulator
		Debug|Any CPU = Debug|Any CPU
		Debug|iPhone = Debug|iPhone
		Debug|iPhoneSimulator = Debug|iPhoneSimulator
		Release|Any CPU = Release|Any CPU
		Release|iPhone = Release|iPhone
		Release|iPhoneSimulator = Release|iPhoneSimulator
	EndGlobalSection
	GlobalSection(ProjectConfigurationPlatforms) = postSolution
		{C4644F88-2CF4-4ECF-AC35-C1D4D8DD7394}.Ad-Hoc|Any CPU.ActiveCfg = Release|Any CPU
		{C4644F88-2CF4-4ECF-AC35-C1D4D8DD7394}.Ad-Hoc|Any CPU.Build.0 = Release|Any CPU
		{C4644F88-2CF4-4ECF-AC35-C1D4D8DD7394}.Ad-Hoc|Any CPU.Deploy.0 = Release|Any CPU
		{C4644F88-2CF4-4ECF-AC35-C1D4D8DD7394}.Ad-Hoc|iPhone.ActiveCfg = Release|Any CPU
		{C4644F88-2CF4-4ECF-AC35-C1D4D8DD7394}.Ad-Hoc|iPhone.Build.0 = Release|Any CPU
		{C4644F88-2CF4-4ECF-AC35-C1D4D8DD7394}.Ad-Hoc|iPhone.Deploy.0 = Release|Any CPU
		{C4644F88-2CF4-4ECF-AC35-C1D4D8DD7394}.Ad-Hoc|iPhoneSimulator.ActiveCfg = Release|Any CPU
		{C4644F88-2CF4-4ECF-AC35-C1D4D8DD7394}.Ad-Hoc|iPhoneSimulator.Build.0 = Release|Any CPU
		{C4644F88-2CF4-4ECF-AC35-C1D4D8DD7394}.Ad-Hoc|iPhoneSimulator.Deploy.0 = Release|Any CPU
		{C4644F88-2CF4-4ECF-AC35-C1D4D8DD7394}.AppStore|Any CPU.ActiveCfg = Release|Any CPU
		{C4644F88-2CF4-4ECF-AC35-C1D4D8DD7394}.AppStore|Any CPU.Build.0 = Release|Any CPU
		{C4644F88-2CF4-4ECF-AC35-C1D4D8DD7394}.AppStore|Any CPU.Deploy.0 = Release|Any CPU
		{C4644F88-2CF4-4ECF-AC35-C1D4D8DD7394}.AppStore|iPhone.ActiveCfg = Release|Any CPU
		{C4644F88-2CF4-4ECF-AC35-C1D4D8DD7394}.AppStore|iPhone.Build.0 = Release|Any CPU
		{C4644F88-2CF4-4ECF-AC35-C1D4D8DD7394}.AppStore|iPhone.Deploy.0 = Release|Any CPU
		{C4644F88-2CF4-4ECF-AC35-C1D4D8DD7394}.AppStore|iPhoneSimulator.ActiveCfg = Release|Any CPU
		{C4644F88-2CF4-4ECF-AC35-C1D4D8DD7394}.AppStore|iPhoneSimulator.Build.0 = Release|Any CPU
		{C4644F88-2CF4-4ECF-AC35-C1D4D8DD7394}.AppStore|iPhoneSimulator.Deploy.0 = Release|Any CPU
		{C4644F88-2CF4-4ECF-AC35-C1D4D8DD7394}.Debug|Any CPU.ActiveCfg = Debug|Any CPU
		{C4644F88-2CF4-4ECF-AC35-C1D4D8DD7394}.Debug|Any CPU.Build.0 = Debug|Any CPU
		{C4644F88-2CF4-4ECF-AC35-C1D4D8DD7394}.Debug|Any CPU.Deploy.0 = Debug|Any CPU
		{C4644F88-2CF4-4ECF-AC35-C1D4D8DD7394}.Debug|iPhone.ActiveCfg = Debug|Any CPU
		{C4644F88-2CF4-4ECF-AC35-C1D4D8DD7394}.Debug|iPhone.Build.0 = Debug|Any CPU
		{C4644F88-2CF4-4ECF-AC35-C1D4D8DD7394}.Debug|iPhone.Deploy.0 = Debug|Any CPU
		{C4644F88-2CF4-4ECF-AC35-C1D4D8DD7394}.Debug|iPhoneSimulator.ActiveCfg = Debug|Any CPU
		{C4644F88-2CF4-4ECF-AC35-C1D4D8DD7394}.Debug|iPhoneSimulator.Build.0 = Debug|Any CPU
		{C4644F88-2CF4-4ECF-AC35-C1D4D8DD7394}.Debug|iPhoneSimulator.Deploy.0 = Debug|Any CPU
		{C4644F88-2CF4-4ECF-AC35-C1D4D8DD7394}.Release|Any CPU.ActiveCfg = Release|Any CPU
		{C4644F88-2CF4-4ECF-AC35-C1D4D8DD7394}.Release|Any CPU.Build.0 = Release|Any CPU
		{C4644F88-2CF4-4ECF-AC35-C1D4D8DD7394}.Release|Any CPU.Deploy.0 = Release|Any CPU
		{C4644F88-2CF4-4ECF-AC35-C1D4D8DD7394}.Release|iPhone.ActiveCfg = Release|Any CPU
		{C4644F88-2CF4-4ECF-AC35-C1D4D8DD7394}.Release|iPhone.Build.0 = Release|Any CPU
		{C4644F88-2CF4-4ECF-AC35-C1D4D8DD7394}.Release|iPhone.Deploy.0 = Release|Any CPU
		{C4644F88-2CF4-4ECF-AC35-C1D4D8DD7394}.Release|iPhoneSimulator.ActiveCfg = Release|Any CPU
		{C4644F88-2CF4-4ECF-AC35-C1D4D8DD7394}.Release|iPhoneSimulator.Build.0 = Release|Any CPU
		{C4644F88-2CF4-4ECF-AC35-C1D4D8DD7394}.Release|iPhoneSimulator.Deploy.0 = Release|Any CPU
		{999B3D54-4965-46E8-BF9E-D34AF403666D}.Ad-Hoc|Any CPU.ActiveCfg = Ad-Hoc|iPhone
		{999B3D54-4965-46E8-BF9E-D34AF403666D}.Ad-Hoc|iPhone.ActiveCfg = Ad-Hoc|iPhone
		{999B3D54-4965-46E8-BF9E-D34AF403666D}.Ad-Hoc|iPhone.Build.0 = Ad-Hoc|iPhone
		{999B3D54-4965-46E8-BF9E-D34AF403666D}.Ad-Hoc|iPhoneSimulator.ActiveCfg = Ad-Hoc|iPhoneSimulator
		{999B3D54-4965-46E8-BF9E-D34AF403666D}.Ad-Hoc|iPhoneSimulator.Build.0 = Ad-Hoc|iPhoneSimulator
		{999B3D54-4965-46E8-BF9E-D34AF403666D}.AppStore|Any CPU.ActiveCfg = AppStore|iPhone
		{999B3D54-4965-46E8-BF9E-D34AF403666D}.AppStore|iPhone.ActiveCfg = AppStore|iPhone
		{999B3D54-4965-46E8-BF9E-D34AF403666D}.AppStore|iPhone.Build.0 = AppStore|iPhone
		{999B3D54-4965-46E8-BF9E-D34AF403666D}.AppStore|iPhoneSimulator.ActiveCfg = AppStore|iPhoneSimulator
		{999B3D54-4965-46E8-BF9E-D34AF403666D}.AppStore|iPhoneSimulator.Build.0 = AppStore|iPhoneSimulator
		{999B3D54-4965-46E8-BF9E-D34AF403666D}.Debug|Any CPU.ActiveCfg = Debug|iPhone
		{999B3D54-4965-46E8-BF9E-D34AF403666D}.Debug|iPhone.ActiveCfg = Debug|iPhone
		{999B3D54-4965-46E8-BF9E-D34AF403666D}.Debug|iPhone.Build.0 = Debug|iPhone
		{999B3D54-4965-46E8-BF9E-D34AF403666D}.Debug|iPhoneSimulator.ActiveCfg = Debug|iPhoneSimulator
		{999B3D54-4965-46E8-BF9E-D34AF403666D}.Debug|iPhoneSimulator.Build.0 = Debug|iPhoneSimulator
		{999B3D54-4965-46E8-BF9E-D34AF403666D}.Release|Any CPU.ActiveCfg = Release|iPhone
		{999B3D54-4965-46E8-BF9E-D34AF403666D}.Release|iPhone.ActiveCfg = Release|iPhone
		{999B3D54-4965-46E8-BF9E-D34AF403666D}.Release|iPhone.Build.0 = Release|iPhone
		{999B3D54-4965-46E8-BF9E-D34AF403666D}.Release|iPhoneSimulator.ActiveCfg = Release|iPhoneSimulator
		{999B3D54-4965-46E8-BF9E-D34AF403666D}.Release|iPhoneSimulator.Build.0 = Release|iPhoneSimulator
	EndGlobalSection
	GlobalSection(SolutionProperties) = preSolution
		HideSolutionNode = FALSE
	EndGlobalSection
EndGlobal
